
Microsoft Visual Studio Solution File, Format Version 12.00
Project("{FAE04EC0-301F-11D3-BF4B-00C04F79EFBC}") = "HelloAspNetDeveloper.API", "HelloAspNetDeveloper.API\HelloAspNetDeveloper.API.csproj", "{3AEED705-66AB-45A2-9E83-24CD7827BB7F}"
EndProject
Global
	GlobalSection(SolutionConfigurationPlatforms) = preSolution
		Debug|Any CPU = Debug|Any CPU
		Release|Any CPU = Release|Any CPU
	EndGlobalSection
	GlobalSection(ProjectConfigurationPlatforms) = postSolution
		{3AEED705-66AB-45A2-9E83-24CD7827BB7F}.Debug|Any CPU.ActiveCfg = Debug|Any CPU
		{3AEED705-66AB-45A2-9E83-24CD7827BB7F}.Debug|Any CPU.Build.0 = Debug|Any CPU
		{3AEED705-66AB-45A2-9E83-24CD7827BB7F}.Release|Any CPU.ActiveCfg = Release|Any CPU
		{3AEED705-66AB-45A2-9E83-24CD7827BB7F}.Release|Any CPU.Build.0 = Release|Any CPU
	EndGlobalSection
EndGlobal
